
Microsoft Visual Studio Solution File, Format Version 12.00
# Visual Studio Version 16
VisualStudioVersion = 16.0.30907.101
MinimumVisualStudioVersion = 10.0.40219.1
Project("{FAE04EC0-301F-11D3-BF4B-00C04F79EFBC}") = "Park-n-Wash", "Park-n-Wash.csproj", "{A0E5AF30-7D41-4DAE-9E48-E0CE234213E1}"
EndProject
Global
	GlobalSection(SolutionConfigurationPlatforms) = preSolution
		Debug|Any CPU = Debug|Any CPU
		Release|Any CPU = Release|Any CPU
	EndGlobalSection
	GlobalSection(ProjectConfigurationPlatforms) = postSolution
		{A0E5AF30-7D41-4DAE-9E48-E0CE234213E1}.Debug|Any CPU.ActiveCfg = Debug|Any CPU
		{A0E5AF30-7D41-4DAE-9E48-E0CE234213E1}.Debug|Any CPU.Build.0 = Debug|Any CPU
		{A0E5AF30-7D41-4DAE-9E48-E0CE234213E1}.Release|Any CPU.ActiveCfg = Release|Any CPU
		{A0E5AF30-7D41-4DAE-9E48-E0CE234213E1}.Release|Any CPU.Build.0 = Release|Any CPU
	EndGlobalSection
	GlobalSection(SolutionProperties) = preSolution
		HideSolutionNode = FALSE
	EndGlobalSection
	GlobalSection(ExtensibilityGlobals) = postSolution
		SolutionGuid = {6BFDE3E2-FCFC-4314-B473-1C2059085C21}
	EndGlobalSection
EndGlobal
